
Microsoft Visual Studio Solution File, Format Version 12.00
# Visual Studio 15
VisualStudioVersion = 15.0.27130.2036
MinimumVisualStudioVersion = 10.0.40219.1
Project("{8BC9CEB8-8B4A-11D0-8D11-00A0C91BC942}") = "TestExecutive", "TestExecutive\TestExecutive.vcxproj", "{29A603E9-3EAD-43B1-9419-FF0FE16D097A}"
	ProjectSection(ProjectDependencies) = postProject
		{B9F9C357-91C8-4271-9CE3-D06AC2EDC480} = {B9F9C357-91C8-4271-9CE3-D06AC2EDC480}
		{5E2548A1-C280-49E1-A2B6-55F4BA12B3F2} = {5E2548A1-C280-49E1-A2B6-55F4BA12B3F2}
	EndProjectSection
EndProject
Project("{8BC9CEB8-8B4A-11D0-8D11-00A0C91BC942}") = "CheckIn", "CheckIn\CheckIn.vcxproj", "{2912AC69-C758-4054-9A24-52CFB13C46AF}"
EndProject
Project("{8BC9CEB8-8B4A-11D0-8D11-00A0C91BC942}") = "CheckOut", "CheckOut\CheckOut.vcxproj", "{9191F4C7-9A3C-409B-896E-ED03240D714A}"
EndProject
Project("{8BC9CEB8-8B4A-11D0-8D11-00A0C91BC942}") = "Version", "Version\Version.vcxproj", "{7FF03280-F77B-4202-B22E-28F0DCC19460}"
EndProject
Project("{8BC9CEB8-8B4A-11D0-8D11-00A0C91BC942}") = "Browse", "Browse\Browse.vcxproj", "{B9F9C357-91C8-4271-9CE3-D06AC2EDC480}"
EndProject
Project("{8BC9CEB8-8B4A-11D0-8D11-00A0C91BC942}") = "RepositoryCore", "RepositoryCore\RepositoryCore.vcxproj", "{81CECC8A-CE32-4271-B58D-75AAE914F14B}"
EndProject
Project("{8BC9CEB8-8B4A-11D0-8D11-00A0C91BC942}") = "FileSystemDemo", "FileSystem\FileSystemDemo\FileSystemDemo.vcxproj", "{EF4A3188-CA93-45A2-AB52-7548669E3AA8}"
EndProject
Project("{8BC9CEB8-8B4A-11D0-8D11-00A0C91BC942}") = "XmlDocument", "NoSqlDb\XmlDocument\XmlDocument\XmlDocument.vcxproj", "{0A82ECDC-7520-453A-8F2C-D813FEEE7537}"
EndProject
Project("{8BC9CEB8-8B4A-11D0-8D11-00A0C91BC942}") = "Process", "Process\Process\Process.vcxproj", "{5E2548A1-C280-49E1-A2B6-55F4BA12B3F2}"
EndProject
Project("{8BC9CEB8-8B4A-11D0-8D11-00A0C91BC942}") = "NoSql", "NoSqlDb\NoSql\NoSql.vcxproj", "{755315F7-82CD-4ABD-BB91-7AF94E6062A9}"
EndProject
Project("{8BC9CEB8-8B4A-11D0-8D11-00A0C91BC942}") = "PayLoad", "NoSqlDb\PayLoad\PayLoad.vcxproj", "{9E44FE9D-897D-413E-9961-95EC734CEAB5}"
EndProject
Project("{8BC9CEB8-8B4A-11D0-8D11-00A0C91BC942}") = "Repository", "Repository\Repository.vcxproj", "{E5CEB6A0-9E06-4C64-9E2D-4D09C4424899}"
EndProject
Global
	GlobalSection(SolutionConfigurationPlatforms) = preSolution
		Debug|x64 = Debug|x64
		Debug|x86 = Debug|x86
		Release|x64 = Release|x64
		Release|x86 = Release|x86
	EndGlobalSection
	GlobalSection(ProjectConfigurationPlatforms) = postSolution
		{29A603E9-3EAD-43B1-9419-FF0FE16D097A}.Debug|x64.ActiveCfg = Debug|x64
		{29A603E9-3EAD-43B1-9419-FF0FE16D097A}.Debug|x64.Build.0 = Debug|x64
		{29A603E9-3EAD-43B1-9419-FF0FE16D097A}.Debug|x86.ActiveCfg = Debug|Win32
		{29A603E9-3EAD-43B1-9419-FF0FE16D097A}.Debug|x86.Build.0 = Debug|Win32
		{29A603E9-3EAD-43B1-9419-FF0FE16D097A}.Release|x64.ActiveCfg = Release|x64
		{29A603E9-3EAD-43B1-9419-FF0FE16D097A}.Release|x64.Build.0 = Release|x64
		{29A603E9-3EAD-43B1-9419-FF0FE16D097A}.Release|x86.ActiveCfg = Release|Win32
		{29A603E9-3EAD-43B1-9419-FF0FE16D097A}.Release|x86.Build.0 = Release|Win32
		{2912AC69-C758-4054-9A24-52CFB13C46AF}.Debug|x64.ActiveCfg = Debug|x64
		{2912AC69-C758-4054-9A24-52CFB13C46AF}.Debug|x64.Build.0 = Debug|x64
		{2912AC69-C758-4054-9A24-52CFB13C46AF}.Debug|x86.ActiveCfg = Debug|Win32
		{2912AC69-C758-4054-9A24-52CFB13C46AF}.Debug|x86.Build.0 = Debug|Win32
		{2912AC69-C758-4054-9A24-52CFB13C46AF}.Release|x64.ActiveCfg = Release|x64
		{2912AC69-C758-4054-9A24-52CFB13C46AF}.Release|x64.Build.0 = Release|x64
		{2912AC69-C758-4054-9A24-52CFB13C46AF}.Release|x86.ActiveCfg = Release|Win32
		{2912AC69-C758-4054-9A24-52CFB13C46AF}.Release|x86.Build.0 = Release|Win32
		{9191F4C7-9A3C-409B-896E-ED03240D714A}.Debug|x64.ActiveCfg = Debug|x64
		{9191F4C7-9A3C-409B-896E-ED03240D714A}.Debug|x64.Build.0 = Debug|x64
		{9191F4C7-9A3C-409B-896E-ED03240D714A}.Debug|x86.ActiveCfg = Debug|Win32
		{9191F4C7-9A3C-409B-896E-ED03240D714A}.Debug|x86.Build.0 = Debug|Win32
		{9191F4C7-9A3C-409B-896E-ED03240D714A}.Release|x64.ActiveCfg = Release|x64
		{9191F4C7-9A3C-409B-896E-ED03240D714A}.Release|x64.Build.0 = Release|x64
		{9191F4C7-9A3C-409B-896E-ED03240D714A}.Release|x86.ActiveCfg = Release|Win32
		{9191F4C7-9A3C-409B-896E-ED03240D714A}.Release|x86.Build.0 = Release|Win32
		{7FF03280-F77B-4202-B22E-28F0DCC19460}.Debug|x64.ActiveCfg = Debug|x64
		{7FF03280-F77B-4202-B22E-28F0DCC19460}.Debug|x64.Build.0 = Debug|x64
		{7FF03280-F77B-4202-B22E-28F0DCC19460}.Debug|x86.ActiveCfg = Debug|Win32
		{7FF03280-F77B-4202-B22E-28F0DCC19460}.Debug|x86.Build.0 = Debug|Win32
		{7FF03280-F77B-4202-B22E-28F0DCC19460}.Release|x64.ActiveCfg = Release|x64
		{7FF03280-F77B-4202-B22E-28F0DCC19460}.Release|x64.Build.0 = Release|x64
		{7FF03280-F77B-4202-B22E-28F0DCC19460}.Release|x86.ActiveCfg = Release|Win32
		{7FF03280-F77B-4202-B22E-28F0DCC19460}.Release|x86.Build.0 = Release|Win32
		{B9F9C357-91C8-4271-9CE3-D06AC2EDC480}.Debug|x64.ActiveCfg = Debug|x64
		{B9F9C357-91C8-4271-9CE3-D06AC2EDC480}.Debug|x64.Build.0 = Debug|x64
		{B9F9C357-91C8-4271-9CE3-D06AC2EDC480}.Debug|x86.ActiveCfg = Debug|Win32
		{B9F9C357-91C8-4271-9CE3-D06AC2EDC480}.Debug|x86.Build.0 = Debug|Win32
		{B9F9C357-91C8-4271-9CE3-D06AC2EDC480}.Release|x64.ActiveCfg = Release|x64
		{B9F9C357-91C8-4271-9CE3-D06AC2EDC480}.Release|x64.Build.0 = Release|x64
		{B9F9C357-91C8-4271-9CE3-D06AC2EDC480}.Release|x86.ActiveCfg = Release|Win32
		{B9F9C357-91C8-4271-9CE3-D06AC2EDC480}.Release|x86.Build.0 = Release|Win32
		{81CECC8A-CE32-4271-B58D-75AAE914F14B}.Debug|x64.ActiveCfg = Debug|x64
		{81CECC8A-CE32-4271-B58D-75AAE914F14B}.Debug|x64.Build.0 = Debug|x64
		{81CECC8A-CE32-4271-B58D-75AAE914F14B}.Debug|x86.ActiveCfg = Debug|Win32
		{81CECC8A-CE32-4271-B58D-75AAE914F14B}.Debug|x86.Build.0 = Debug|Win32
		{81CECC8A-CE32-4271-B58D-75AAE914F14B}.Release|x64.ActiveCfg = Release|x64
		{81CECC8A-CE32-4271-B58D-75AAE914F14B}.Release|x64.Build.0 = Release|x64
		{81CECC8A-CE32-4271-B58D-75AAE914F14B}.Release|x86.ActiveCfg = Release|Win32
		{81CECC8A-CE32-4271-B58D-75AAE914F14B}.Release|x86.Build.0 = Release|Win32
		{EF4A3188-CA93-45A2-AB52-7548669E3AA8}.Debug|x64.ActiveCfg = Debug|Win32
		{EF4A3188-CA93-45A2-AB52-7548669E3AA8}.Debug|x86.ActiveCfg = Debug|Win32
		{EF4A3188-CA93-45A2-AB52-7548669E3AA8}.Debug|x86.Build.0 = Debug|Win32
		{EF4A3188-CA93-45A2-AB52-7548669E3AA8}.Release|x64.ActiveCfg = Release|Win32
		{EF4A3188-CA93-45A2-AB52-7548669E3AA8}.Release|x86.ActiveCfg = Release|Win32
		{EF4A3188-CA93-45A2-AB52-7548669E3AA8}.Release|x86.Build.0 = Release|Win32
		{0A82ECDC-7520-453A-8F2C-D813FEEE7537}.Debug|x64.ActiveCfg = Debug|Win32
		{0A82ECDC-7520-453A-8F2C-D813FEEE7537}.Debug|x86.ActiveCfg = Debug|Win32
		{0A82ECDC-7520-453A-8F2C-D813FEEE7537}.Debug|x86.Build.0 = Debug|Win32
		{0A82ECDC-7520-453A-8F2C-D813FEEE7537}.Release|x64.ActiveCfg = Release|Win32
		{0A82ECDC-7520-453A-8F2C-D813FEEE7537}.Release|x86.ActiveCfg = Release|Win32
		{0A82ECDC-7520-453A-8F2C-D813FEEE7537}.Release|x86.Build.0 = Release|Win32
		{5E2548A1-C280-49E1-A2B6-55F4BA12B3F2}.Debug|x64.ActiveCfg = Debug|x64
		{5E2548A1-C280-49E1-A2B6-55F4BA12B3F2}.Debug|x64.Build.0 = Debug|x64
		{5E2548A1-C280-49E1-A2B6-55F4BA12B3F2}.Debug|x64.Deploy.0 = Debug|x64
		{5E2548A1-C280-49E1-A2B6-55F4BA12B3F2}.Debug|x86.ActiveCfg = Debug|Win32
		{5E2548A1-C280-49E1-A2B6-55F4BA12B3F2}.Debug|x86.Build.0 = Debug|Win32
		{5E2548A1-C280-49E1-A2B6-55F4BA12B3F2}.Debug|x86.Deploy.0 = Debug|Win32
		{5E2548A1-C280-49E1-A2B6-55F4BA12B3F2}.Release|x64.ActiveCfg = Release|x64
		{5E2548A1-C280-49E1-A2B6-55F4BA12B3F2}.Release|x64.Build.0 = Release|x64
		{5E2548A1-C280-49E1-A2B6-55F4BA12B3F2}.Release|x64.Deploy.0 = Release|x64
		{5E2548A1-C280-49E1-A2B6-55F4BA12B3F2}.Release|x86.ActiveCfg = Release|Win32
		{5E2548A1-C280-49E1-A2B6-55F4BA12B3F2}.Release|x86.Build.0 = Release|Win32
		{5E2548A1-C280-49E1-A2B6-55F4BA12B3F2}.Release|x86.Deploy.0 = Release|Win32
		{755315F7-82CD-4ABD-BB91-7AF94E6062A9}.Debug|x64.ActiveCfg = Debug|x64
		{755315F7-82CD-4ABD-BB91-7AF94E6062A9}.Debug|x64.Build.0 = Debug|x64
		{755315F7-82CD-4ABD-BB91-7AF94E6062A9}.Debug|x86.ActiveCfg = Debug|Win32
		{755315F7-82CD-4ABD-BB91-7AF94E6062A9}.Debug|x86.Build.0 = Debug|Win32
		{755315F7-82CD-4ABD-BB91-7AF94E6062A9}.Release|x64.ActiveCfg = Release|x64
		{755315F7-82CD-4ABD-BB91-7AF94E6062A9}.Release|x64.Build.0 = Release|x64
		{755315F7-82CD-4ABD-BB91-7AF94E6062A9}.Release|x86.ActiveCfg = Release|Win32
		{755315F7-82CD-4ABD-BB91-7AF94E6062A9}.Release|x86.Build.0 = Release|Win32
		{9E44FE9D-897D-413E-9961-95EC734CEAB5}.Debug|x64.ActiveCfg = Debug|x64
		{9E44FE9D-897D-413E-9961-95EC734CEAB5}.Debug|x64.Build.0 = Debug|x64
		{9E44FE9D-897D-413E-9961-95EC734CEAB5}.Debug|x86.ActiveCfg = Debug|Win32
		{9E44FE9D-897D-413E-9961-95EC734CEAB5}.Debug|x86.Build.0 = Debug|Win32
		{9E44FE9D-897D-413E-9961-95EC734CEAB5}.Release|x64.ActiveCfg = Release|x64
		{9E44FE9D-897D-413E-9961-95EC734CEAB5}.Release|x64.Build.0 = Release|x64
		{9E44FE9D-897D-413E-9961-95EC734CEAB5}.Release|x86.ActiveCfg = Release|Win32
		{9E44FE9D-897D-413E-9961-95EC734CEAB5}.Release|x86.Build.0 = Release|Win32
		{E5CEB6A0-9E06-4C64-9E2D-4D09C4424899}.Debug|x64.ActiveCfg = Debug|x64
		{E5CEB6A0-9E06-4C64-9E2D-4D09C4424899}.Debug|x64.Build.0 = Debug|x64
		{E5CEB6A0-9E06-4C64-9E2D-4D09C4424899}.Debug|x86.ActiveCfg = Debug|Win32
		{E5CEB6A0-9E06-4C64-9E2D-4D09C4424899}.Debug|x86.Build.0 = Debug|Win32
		{E5CEB6A0-9E06-4C64-9E2D-4D09C4424899}.Release|x64.ActiveCfg = Release|x64
		{E5CEB6A0-9E06-4C64-9E2D-4D09C4424899}.Release|x64.Build.0 = Release|x64
		{E5CEB6A0-9E06-4C64-9E2D-4D09C4424899}.Release|x86.ActiveCfg = Release|Win32
		{E5CEB6A0-9E06-4C64-9E2D-4D09C4424899}.Release|x86.Build.0 = Release|Win32
	EndGlobalSection
	GlobalSection(SolutionProperties) = preSolution
		HideSolutionNode = FALSE
	EndGlobalSection
	GlobalSection(ExtensibilityGlobals) = postSolution
		SolutionGuid = {D20B6018-F0E1-4D1A-81A1-AE096C265696}
	EndGlobalSection
EndGlobal
